
Microsoft Visual Studio Solution File, Format Version 12.00
# Visual Studio Version 17
VisualStudioVersion = 17.8.34525.116
MinimumVisualStudioVersion = 10.0.40219.1
Project("{FAE04EC0-301F-11D3-BF4B-00C04F79EFBC}") = "5_laba", "5_laba.csproj", "{08DB8A6E-3DD8-4D2B-9C31-C38D8797BBC9}"
EndProject
Global
	GlobalSection(SolutionConfigurationPlatforms) = preSolution
		Debug|Any CPU = Debug|Any CPU
		Release|Any CPU = Release|Any CPU
	EndGlobalSection
	GlobalSection(ProjectConfigurationPlatforms) = postSolution
		{08DB8A6E-3DD8-4D2B-9C31-C38D8797BBC9}.Debug|Any CPU.ActiveCfg = Debug|Any CPU
		{08DB8A6E-3DD8-4D2B-9C31-C38D8797BBC9}.Debug|Any CPU.Build.0 = Debug|Any CPU
		{08DB8A6E-3DD8-4D2B-9C31-C38D8797BBC9}.Release|Any CPU.ActiveCfg = Release|Any CPU
		{08DB8A6E-3DD8-4D2B-9C31-C38D8797BBC9}.Release|Any CPU.Build.0 = Release|Any CPU
	EndGlobalSection
	GlobalSection(SolutionProperties) = preSolution
		HideSolutionNode = FALSE
	EndGlobalSection
	GlobalSection(ExtensibilityGlobals) = postSolution
		SolutionGuid = {62A4CE5B-C4B5-4619-9456-2D0EDBEE8C75}
	EndGlobalSection
EndGlobal
